
Microsoft Visual Studio Solution File, Format Version 12.00
# Visual Studio Version 17
VisualStudioVersion = 17.12.35707.178
MinimumVisualStudioVersion = 10.0.40219.1
Project("{FAE04EC0-301F-11D3-BF4B-00C04F79EFBC}") = "01_Algoritma", "01_Algoritma\01_Algoritma.csproj", "{6B5DCEC8-E53F-45D5-88BA-B89CAE0A9FE9}"
EndProject
Project("{FAE04EC0-301F-11D3-BF4B-00C04F79EFBC}") = "02_Degisken_Veritipi", "02_Degisken_Veritipi\02_Degisken_Veritipi.csproj", "{A85DA32D-168A-4CB4-AEB1-9A7BB497401B}"
EndProject
Project("{FAE04EC0-301F-11D3-BF4B-00C04F79EFBC}") = "03_Operatorler", "03_Operatorler\03_Operatorler.csproj", "{D654E9A3-907D-4B93-8078-8EBBA0F6D92E}"
EndProject
Project("{FAE04EC0-301F-11D3-BF4B-00C04F79EFBC}") = "04_Tur_donusumu", "04_Tur_donusumu\04_Tur_donusumu.csproj", "{2CE603A6-5251-45ED-9934-E677D25A4D2A}"
EndProject
Project("{FAE04EC0-301F-11D3-BF4B-00C04F79EFBC}") = "05_If_Else", "05_If_Else\05_If_Else.csproj", "{2767B57E-CCB9-4201-B139-A66D3E310689}"
EndProject
Project("{FAE04EC0-301F-11D3-BF4B-00C04F79EFBC}") = "06_Random", "06_Random\06_Random.csproj", "{F23AD559-5D92-489B-B183-3636AA9DEEAC}"
EndProject
Project("{FAE04EC0-301F-11D3-BF4B-00C04F79EFBC}") = "06_Random_If_Else", "06_Random_If_Else\06_Random_If_Else.csproj", "{AF98FCB7-F448-49CD-94DF-903AA7979AE3}"
EndProject
Project("{FAE04EC0-301F-11D3-BF4B-00C04F79EFBC}") = "07_Switch_case", "07_Switch_case\07_Switch_case.csproj", "{65A8EB26-46CA-480C-974B-C6BD99FAD5DB}"
EndProject
Project("{FAE04EC0-301F-11D3-BF4B-00C04F79EFBC}") = "08_TryCatch", "08_TryCatch\08_TryCatch.csproj", "{C4CCF0C7-BCC1-470F-AB21-1C548B1AECCD}"
EndProject
Project("{FAE04EC0-301F-11D3-BF4B-00C04F79EFBC}") = "09_OdevCozum", "09_OdevCozum\09_OdevCozum.csproj", "{94A5FBDA-50AD-4F5D-8036-381D79D16789}"
EndProject
Project("{FAE04EC0-301F-11D3-BF4B-00C04F79EFBC}") = "10_Do_While", "10_Do_While\10_Do_While.csproj", "{B6E9ED9B-0DCC-4541-A69D-A9EF850A71B2}"
EndProject
Project("{FAE04EC0-301F-11D3-BF4B-00C04F79EFBC}") = "11_While", "11_While\11_While.csproj", "{8372C191-BD02-4996-B43A-3D981ADEFD0E}"
EndProject
Project("{FAE04EC0-301F-11D3-BF4B-00C04F79EFBC}") = "12_For_Dongusu", "12_For_Dongusu\12_For_Dongusu.csproj", "{4D32B92E-289C-4A3B-9209-A09931AB7ABF}"
EndProject
Project("{FAE04EC0-301F-11D3-BF4B-00C04F79EFBC}") = "13_OdevCozum", "13_OdevCozum\13_OdevCozum.csproj", "{6D7CBC5D-8C86-4B01-AD13-D4470702B979}"
EndProject
Project("{FAE04EC0-301F-11D3-BF4B-00C04F79EFBC}") = "14_Arrays", "14_Arrays\14_Arrays.csproj", "{141C336F-DF5C-45E4-8D1C-04A810D176E0}"
EndProject
Project("{FAE04EC0-301F-11D3-BF4B-00C04F79EFBC}") = "15_OtomatProjesi", "15_OtomatProjesi\15_OtomatProjesi.csproj", "{A3AF7155-47FF-4FB9-93E0-B2113E49B877}"
EndProject
Project("{FAE04EC0-301F-11D3-BF4B-00C04F79EFBC}") = "16_Math_Methods", "16_Math_Methods\16_Math_Methods.csproj", "{8E8F75DF-4EEB-4F0B-B21C-68F0E7F51B0C}"
EndProject
Project("{FAE04EC0-301F-11D3-BF4B-00C04F79EFBC}") = "17_String_Methods", "17_String_Methods\17_String_Methods.csproj", "{3069B88E-55F1-4DAE-A628-87096E34DE68}"
EndProject
Project("{FAE04EC0-301F-11D3-BF4B-00C04F79EFBC}") = "18_Methods", "18_Methods\18_Methods.csproj", "{9F176060-736D-4796-8A84-F196DBE279A7}"
EndProject
Project("{FAE04EC0-301F-11D3-BF4B-00C04F79EFBC}") = "18_Methods_2", "18_Methods_2\18_Methods_2.csproj", "{60B4B832-BDB4-4471-9224-8D413F2DCAF8}"
EndProject
Project("{FAE04EC0-301F-11D3-BF4B-00C04F79EFBC}") = "19_Return_Methods", "19_Return_Methods\19_Return_Methods.csproj", "{46DF4C80-008F-408F-BDB5-389C0E3EDB39}"
EndProject
Project("{FAE04EC0-301F-11D3-BF4B-00C04F79EFBC}") = "19_Return_Methods_2", "19_Return_Methods_2\19_Return_Methods_2.csproj", "{BB5A537F-9934-4C55-8BA0-001BD44ED09C}"
EndProject
Project("{FAE04EC0-301F-11D3-BF4B-00C04F79EFBC}") = "20_OverLoad_Methods", "20_OverLoad_Methods\20_OverLoad_Methods.csproj", "{77BE53DC-F359-46CC-8A57-9375FBBD7D99}"
EndProject
Project("{FAE04EC0-301F-11D3-BF4B-00C04F79EFBC}") = "21_OdevCozum", "21_OdevCozum\21_OdevCozum.csproj", "{6BE300D9-336E-42D4-A1E9-4819BF7A3B46}"
EndProject
Project("{FAE04EC0-301F-11D3-BF4B-00C04F79EFBC}") = "22_Methods_Params", "22_Methods_Params\22_Methods_Params.csproj", "{E908173E-0E67-456E-BCD6-80643353F240}"
EndProject
Project("{FAE04EC0-301F-11D3-BF4B-00C04F79EFBC}") = "23_Methods_Ref", "23_Methods_Ref\23_Methods_Ref.csproj", "{5D6C4D32-1218-4948-A2EE-A8ABAFFA4229}"
EndProject
Project("{FAE04EC0-301F-11D3-BF4B-00C04F79EFBC}") = "24_Methods_Out", "24_Methods_Out\24_Methods_Out.csproj", "{3CEED3F4-CD5F-4863-81AD-A743EA1DEF87}"
EndProject
Project("{FAE04EC0-301F-11D3-BF4B-00C04F79EFBC}") = "25_Methods_Optional", "25_Methods_Optional\25_Methods_Optional.csproj", "{E5C794AB-8CDC-4720-92A5-B8200968D4E1}"
EndProject
Project("{FAE04EC0-301F-11D3-BF4B-00C04F79EFBC}") = "26_Methods_Recursive", "26_Methods_Recursive\26_Methods_Recursive.csproj", "{1CC9A818-D8F9-46D6-A122-1E79219DB2AA}"
EndProject
Project("{FAE04EC0-301F-11D3-BF4B-00C04F79EFBC}") = "27_Collections", "27_Collections\27_Collections.csproj", "{C105C795-DF0C-4A15-90E2-79DFFB67BAE1}"
EndProject
Project("{FAE04EC0-301F-11D3-BF4B-00C04F79EFBC}") = "28_OdevCozum", "28_OdevCozum\28_OdevCozum.csproj", "{F36D3566-F2CC-49D9-8F44-5049CCA9B7C8}"
EndProject
Project("{FAE04EC0-301F-11D3-BF4B-00C04F79EFBC}") = "29_ArrayList", "29_ArrayList\29_ArrayList.csproj", "{3D4DFAB4-15B7-46B7-ADB7-BEF049EBFA0B}"
EndProject
Project("{FAE04EC0-301F-11D3-BF4B-00C04F79EFBC}") = "32_ManavOtomasyon", "32_ManavOtomasyon\32_ManavOtomasyon.csproj", "{7F2FE2D6-37FE-4D00-A522-27ECC4FD269A}"
EndProject
Project("{FAE04EC0-301F-11D3-BF4B-00C04F79EFBC}") = "30_List", "30_List\30_List.csproj", "{EAAD25FC-7B80-4394-A318-6EEEB8113F4E}"
EndProject
Project("{FAE04EC0-301F-11D3-BF4B-00C04F79EFBC}") = "31_Class_Object", "31_Class_Object\31_Class_Object.csproj", "{7BFDEB63-5836-4388-A73D-08E0708D7260}"
EndProject
Global
	GlobalSection(SolutionConfigurationPlatforms) = preSolution
		Debug|Any CPU = Debug|Any CPU
		Release|Any CPU = Release|Any CPU
	EndGlobalSection
	GlobalSection(ProjectConfigurationPlatforms) = postSolution
		{6B5DCEC8-E53F-45D5-88BA-B89CAE0A9FE9}.Debug|Any CPU.ActiveCfg = Debug|Any CPU
		{6B5DCEC8-E53F-45D5-88BA-B89CAE0A9FE9}.Debug|Any CPU.Build.0 = Debug|Any CPU
		{6B5DCEC8-E53F-45D5-88BA-B89CAE0A9FE9}.Release|Any CPU.ActiveCfg = Release|Any CPU
		{6B5DCEC8-E53F-45D5-88BA-B89CAE0A9FE9}.Release|Any CPU.Build.0 = Release|Any CPU
		{A85DA32D-168A-4CB4-AEB1-9A7BB497401B}.Debug|Any CPU.ActiveCfg = Debug|Any CPU
		{A85DA32D-168A-4CB4-AEB1-9A7BB497401B}.Debug|Any CPU.Build.0 = Debug|Any CPU
		{A85DA32D-168A-4CB4-AEB1-9A7BB497401B}.Release|Any CPU.ActiveCfg = Release|Any CPU
		{A85DA32D-168A-4CB4-AEB1-9A7BB497401B}.Release|Any CPU.Build.0 = Release|Any CPU
		{D654E9A3-907D-4B93-8078-8EBBA0F6D92E}.Debug|Any CPU.ActiveCfg = Debug|Any CPU
		{D654E9A3-907D-4B93-8078-8EBBA0F6D92E}.Debug|Any CPU.Build.0 = Debug|Any CPU
		{D654E9A3-907D-4B93-8078-8EBBA0F6D92E}.Release|Any CPU.ActiveCfg = Release|Any CPU
		{D654E9A3-907D-4B93-8078-8EBBA0F6D92E}.Release|Any CPU.Build.0 = Release|Any CPU
		{2CE603A6-5251-45ED-9934-E677D25A4D2A}.Debug|Any CPU.ActiveCfg = Debug|Any CPU
		{2CE603A6-5251-45ED-9934-E677D25A4D2A}.Debug|Any CPU.Build.0 = Debug|Any CPU
		{2CE603A6-5251-45ED-9934-E677D25A4D2A}.Release|Any CPU.ActiveCfg = Release|Any CPU
		{2CE603A6-5251-45ED-9934-E677D25A4D2A}.Release|Any CPU.Build.0 = Release|Any CPU
		{2767B57E-CCB9-4201-B139-A66D3E310689}.Debug|Any CPU.ActiveCfg = Debug|Any CPU
		{2767B57E-CCB9-4201-B139-A66D3E310689}.Debug|Any CPU.Build.0 = Debug|Any CPU
		{2767B57E-CCB9-4201-B139-A66D3E310689}.Release|Any CPU.ActiveCfg = Release|Any CPU
		{2767B57E-CCB9-4201-B139-A66D3E310689}.Release|Any CPU.Build.0 = Release|Any CPU
		{F23AD559-5D92-489B-B183-3636AA9DEEAC}.Debug|Any CPU.ActiveCfg = Debug|Any CPU
		{F23AD559-5D92-489B-B183-3636AA9DEEAC}.Debug|Any CPU.Build.0 = Debug|Any CPU
		{F23AD559-5D92-489B-B183-3636AA9DEEAC}.Release|Any CPU.ActiveCfg = Release|Any CPU
		{F23AD559-5D92-489B-B183-3636AA9DEEAC}.Release|Any CPU.Build.0 = Release|Any CPU
		{AF98FCB7-F448-49CD-94DF-903AA7979AE3}.Debug|Any CPU.ActiveCfg = Debug|Any CPU
		{AF98FCB7-F448-49CD-94DF-903AA7979AE3}.Debug|Any CPU.Build.0 = Debug|Any CPU
		{AF98FCB7-F448-49CD-94DF-903AA7979AE3}.Release|Any CPU.ActiveCfg = Release|Any CPU
		{AF98FCB7-F448-49CD-94DF-903AA7979AE3}.Release|Any CPU.Build.0 = Release|Any CPU
		{65A8EB26-46CA-480C-974B-C6BD99FAD5DB}.Debug|Any CPU.ActiveCfg = Debug|Any CPU
		{65A8EB26-46CA-480C-974B-C6BD99FAD5DB}.Debug|Any CPU.Build.0 = Debug|Any CPU
		{65A8EB26-46CA-480C-974B-C6BD99FAD5DB}.Release|Any CPU.ActiveCfg = Release|Any CPU
		{65A8EB26-46CA-480C-974B-C6BD99FAD5DB}.Release|Any CPU.Build.0 = Release|Any CPU
		{C4CCF0C7-BCC1-470F-AB21-1C548B1AECCD}.Debug|Any CPU.ActiveCfg = Debug|Any CPU
		{C4CCF0C7-BCC1-470F-AB21-1C548B1AECCD}.Debug|Any CPU.Build.0 = Debug|Any CPU
		{C4CCF0C7-BCC1-470F-AB21-1C548B1AECCD}.Release|Any CPU.ActiveCfg = Release|Any CPU
		{C4CCF0C7-BCC1-470F-AB21-1C548B1AECCD}.Release|Any CPU.Build.0 = Release|Any CPU
		{94A5FBDA-50AD-4F5D-8036-381D79D16789}.Debug|Any CPU.ActiveCfg = Debug|Any CPU
		{94A5FBDA-50AD-4F5D-8036-381D79D16789}.Debug|Any CPU.Build.0 = Debug|Any CPU
		{94A5FBDA-50AD-4F5D-8036-381D79D16789}.Release|Any CPU.ActiveCfg = Release|Any CPU
		{94A5FBDA-50AD-4F5D-8036-381D79D16789}.Release|Any CPU.Build.0 = Release|Any CPU
		{B6E9ED9B-0DCC-4541-A69D-A9EF850A71B2}.Debug|Any CPU.ActiveCfg = Debug|Any CPU
		{B6E9ED9B-0DCC-4541-A69D-A9EF850A71B2}.Debug|Any CPU.Build.0 = Debug|Any CPU
		{B6E9ED9B-0DCC-4541-A69D-A9EF850A71B2}.Release|Any CPU.ActiveCfg = Release|Any CPU
		{B6E9ED9B-0DCC-4541-A69D-A9EF850A71B2}.Release|Any CPU.Build.0 = Release|Any CPU
		{8372C191-BD02-4996-B43A-3D981ADEFD0E}.Debug|Any CPU.ActiveCfg = Debug|Any CPU
		{8372C191-BD02-4996-B43A-3D981ADEFD0E}.Debug|Any CPU.Build.0 = Debug|Any CPU
		{8372C191-BD02-4996-B43A-3D981ADEFD0E}.Release|Any CPU.ActiveCfg = Release|Any CPU
		{8372C191-BD02-4996-B43A-3D981ADEFD0E}.Release|Any CPU.Build.0 = Release|Any CPU
		{4D32B92E-289C-4A3B-9209-A09931AB7ABF}.Debug|Any CPU.ActiveCfg = Debug|Any CPU
		{4D32B92E-289C-4A3B-9209-A09931AB7ABF}.Debug|Any CPU.Build.0 = Debug|Any CPU
		{4D32B92E-289C-4A3B-9209-A09931AB7ABF}.Release|Any CPU.ActiveCfg = Release|Any CPU
		{4D32B92E-289C-4A3B-9209-A09931AB7ABF}.Release|Any CPU.Build.0 = Release|Any CPU
		{6D7CBC5D-8C86-4B01-AD13-D4470702B979}.Debug|Any CPU.ActiveCfg = Debug|Any CPU
		{6D7CBC5D-8C86-4B01-AD13-D4470702B979}.Debug|Any CPU.Build.0 = Debug|Any CPU
		{6D7CBC5D-8C86-4B01-AD13-D4470702B979}.Release|Any CPU.ActiveCfg = Release|Any CPU
		{6D7CBC5D-8C86-4B01-AD13-D4470702B979}.Release|Any CPU.Build.0 = Release|Any CPU
		{141C336F-DF5C-45E4-8D1C-04A810D176E0}.Debug|Any CPU.ActiveCfg = Debug|Any CPU
		{141C336F-DF5C-45E4-8D1C-04A810D176E0}.Debug|Any CPU.Build.0 = Debug|Any CPU
		{141C336F-DF5C-45E4-8D1C-04A810D176E0}.Release|Any CPU.ActiveCfg = Release|Any CPU
		{141C336F-DF5C-45E4-8D1C-04A810D176E0}.Release|Any CPU.Build.0 = Release|Any CPU
		{A3AF7155-47FF-4FB9-93E0-B2113E49B877}.Debug|Any CPU.ActiveCfg = Debug|Any CPU
		{A3AF7155-47FF-4FB9-93E0-B2113E49B877}.Debug|Any CPU.Build.0 = Debug|Any CPU
		{A3AF7155-47FF-4FB9-93E0-B2113E49B877}.Release|Any CPU.ActiveCfg = Release|Any CPU
		{A3AF7155-47FF-4FB9-93E0-B2113E49B877}.Release|Any CPU.Build.0 = Release|Any CPU
		{8E8F75DF-4EEB-4F0B-B21C-68F0E7F51B0C}.Debug|Any CPU.ActiveCfg = Debug|Any CPU
		{8E8F75DF-4EEB-4F0B-B21C-68F0E7F51B0C}.Debug|Any CPU.Build.0 = Debug|Any CPU
		{8E8F75DF-4EEB-4F0B-B21C-68F0E7F51B0C}.Release|Any CPU.ActiveCfg = Release|Any CPU
		{8E8F75DF-4EEB-4F0B-B21C-68F0E7F51B0C}.Release|Any CPU.Build.0 = Release|Any CPU
		{3069B88E-55F1-4DAE-A628-87096E34DE68}.Debug|Any CPU.ActiveCfg = Debug|Any CPU
		{3069B88E-55F1-4DAE-A628-87096E34DE68}.Debug|Any CPU.Build.0 = Debug|Any CPU
		{3069B88E-55F1-4DAE-A628-87096E34DE68}.Release|Any CPU.ActiveCfg = Release|Any CPU
		{3069B88E-55F1-4DAE-A628-87096E34DE68}.Release|Any CPU.Build.0 = Release|Any CPU
		{9F176060-736D-4796-8A84-F196DBE279A7}.Debug|Any CPU.ActiveCfg = Debug|Any CPU
		{9F176060-736D-4796-8A84-F196DBE279A7}.Debug|Any CPU.Build.0 = Debug|Any CPU
		{9F176060-736D-4796-8A84-F196DBE279A7}.Release|Any CPU.ActiveCfg = Release|Any CPU
		{9F176060-736D-4796-8A84-F196DBE279A7}.Release|Any CPU.Build.0 = Release|Any CPU
		{60B4B832-BDB4-4471-9224-8D413F2DCAF8}.Debug|Any CPU.ActiveCfg = Debug|Any CPU
		{60B4B832-BDB4-4471-9224-8D413F2DCAF8}.Debug|Any CPU.Build.0 = Debug|Any CPU
		{60B4B832-BDB4-4471-9224-8D413F2DCAF8}.Release|Any CPU.ActiveCfg = Release|Any CPU
		{60B4B832-BDB4-4471-9224-8D413F2DCAF8}.Release|Any CPU.Build.0 = Release|Any CPU
		{46DF4C80-008F-408F-BDB5-389C0E3EDB39}.Debug|Any CPU.ActiveCfg = Debug|Any CPU
		{46DF4C80-008F-408F-BDB5-389C0E3EDB39}.Debug|Any CPU.Build.0 = Debug|Any CPU
		{46DF4C80-008F-408F-BDB5-389C0E3EDB39}.Release|Any CPU.ActiveCfg = Release|Any CPU
		{46DF4C80-008F-408F-BDB5-389C0E3EDB39}.Release|Any CPU.Build.0 = Release|Any CPU
		{BB5A537F-9934-4C55-8BA0-001BD44ED09C}.Debug|Any CPU.ActiveCfg = Debug|Any CPU
		{BB5A537F-9934-4C55-8BA0-001BD44ED09C}.Debug|Any CPU.Build.0 = Debug|Any CPU
		{BB5A537F-9934-4C55-8BA0-001BD44ED09C}.Release|Any CPU.ActiveCfg = Release|Any CPU
		{BB5A537F-9934-4C55-8BA0-001BD44ED09C}.Release|Any CPU.Build.0 = Release|Any CPU
		{77BE53DC-F359-46CC-8A57-9375FBBD7D99}.Debug|Any CPU.ActiveCfg = Debug|Any CPU
		{77BE53DC-F359-46CC-8A57-9375FBBD7D99}.Debug|Any CPU.Build.0 = Debug|Any CPU
		{77BE53DC-F359-46CC-8A57-9375FBBD7D99}.Release|Any CPU.ActiveCfg = Release|Any CPU
		{77BE53DC-F359-46CC-8A57-9375FBBD7D99}.Release|Any CPU.Build.0 = Release|Any CPU
		{6BE300D9-336E-42D4-A1E9-4819BF7A3B46}.Debug|Any CPU.ActiveCfg = Debug|Any CPU
		{6BE300D9-336E-42D4-A1E9-4819BF7A3B46}.Debug|Any CPU.Build.0 = Debug|Any CPU
		{6BE300D9-336E-42D4-A1E9-4819BF7A3B46}.Release|Any CPU.ActiveCfg = Release|Any CPU
		{6BE300D9-336E-42D4-A1E9-4819BF7A3B46}.Release|Any CPU.Build.0 = Release|Any CPU
		{E908173E-0E67-456E-BCD6-80643353F240}.Debug|Any CPU.ActiveCfg = Debug|Any CPU
		{E908173E-0E67-456E-BCD6-80643353F240}.Debug|Any CPU.Build.0 = Debug|Any CPU
		{E908173E-0E67-456E-BCD6-80643353F240}.Release|Any CPU.ActiveCfg = Release|Any CPU
		{E908173E-0E67-456E-BCD6-80643353F240}.Release|Any CPU.Build.0 = Release|Any CPU
		{5D6C4D32-1218-4948-A2EE-A8ABAFFA4229}.Debug|Any CPU.ActiveCfg = Debug|Any CPU
		{5D6C4D32-1218-4948-A2EE-A8ABAFFA4229}.Debug|Any CPU.Build.0 = Debug|Any CPU
		{5D6C4D32-1218-4948-A2EE-A8ABAFFA4229}.Release|Any CPU.ActiveCfg = Release|Any CPU
		{5D6C4D32-1218-4948-A2EE-A8ABAFFA4229}.Release|Any CPU.Build.0 = Release|Any CPU
		{3CEED3F4-CD5F-4863-81AD-A743EA1DEF87}.Debug|Any CPU.ActiveCfg = Debug|Any CPU
		{3CEED3F4-CD5F-4863-81AD-A743EA1DEF87}.Debug|Any CPU.Build.0 = Debug|Any CPU
		{3CEED3F4-CD5F-4863-81AD-A743EA1DEF87}.Release|Any CPU.ActiveCfg = Release|Any CPU
		{3CEED3F4-CD5F-4863-81AD-A743EA1DEF87}.Release|Any CPU.Build.0 = Release|Any CPU
		{E5C794AB-8CDC-4720-92A5-B8200968D4E1}.Debug|Any CPU.ActiveCfg = Debug|Any CPU
		{E5C794AB-8CDC-4720-92A5-B8200968D4E1}.Debug|Any CPU.Build.0 = Debug|Any CPU
		{E5C794AB-8CDC-4720-92A5-B8200968D4E1}.Release|Any CPU.ActiveCfg = Release|Any CPU
		{E5C794AB-8CDC-4720-92A5-B8200968D4E1}.Release|Any CPU.Build.0 = Release|Any CPU
		{1CC9A818-D8F9-46D6-A122-1E79219DB2AA}.Debug|Any CPU.ActiveCfg = Debug|Any CPU
		{1CC9A818-D8F9-46D6-A122-1E79219DB2AA}.Debug|Any CPU.Build.0 = Debug|Any CPU
		{1CC9A818-D8F9-46D6-A122-1E79219DB2AA}.Release|Any CPU.ActiveCfg = Release|Any CPU
		{1CC9A818-D8F9-46D6-A122-1E79219DB2AA}.Release|Any CPU.Build.0 = Release|Any CPU
		{C105C795-DF0C-4A15-90E2-79DFFB67BAE1}.Debug|Any CPU.ActiveCfg = Debug|Any CPU
		{C105C795-DF0C-4A15-90E2-79DFFB67BAE1}.Debug|Any CPU.Build.0 = Debug|Any CPU
		{C105C795-DF0C-4A15-90E2-79DFFB67BAE1}.Release|Any CPU.ActiveCfg = Release|Any CPU
		{C105C795-DF0C-4A15-90E2-79DFFB67BAE1}.Release|Any CPU.Build.0 = Release|Any CPU
		{F36D3566-F2CC-49D9-8F44-5049CCA9B7C8}.Debug|Any CPU.ActiveCfg = Debug|Any CPU
		{F36D3566-F2CC-49D9-8F44-5049CCA9B7C8}.Debug|Any CPU.Build.0 = Debug|Any CPU
		{F36D3566-F2CC-49D9-8F44-5049CCA9B7C8}.Release|Any CPU.ActiveCfg = Release|Any CPU
		{F36D3566-F2CC-49D9-8F44-5049CCA9B7C8}.Release|Any CPU.Build.0 = Release|Any CPU
		{3D4DFAB4-15B7-46B7-ADB7-BEF049EBFA0B}.Debug|Any CPU.ActiveCfg = Debug|Any CPU
		{3D4DFAB4-15B7-46B7-ADB7-BEF049EBFA0B}.Debug|Any CPU.Build.0 = Debug|Any CPU
		{3D4DFAB4-15B7-46B7-ADB7-BEF049EBFA0B}.Release|Any CPU.ActiveCfg = Release|Any CPU
		{3D4DFAB4-15B7-46B7-ADB7-BEF049EBFA0B}.Release|Any CPU.Build.0 = Release|Any CPU
		{7F2FE2D6-37FE-4D00-A522-27ECC4FD269A}.Debug|Any CPU.ActiveCfg = Debug|Any CPU
		{7F2FE2D6-37FE-4D00-A522-27ECC4FD269A}.Debug|Any CPU.Build.0 = Debug|Any CPU
		{7F2FE2D6-37FE-4D00-A522-27ECC4FD269A}.Release|Any CPU.ActiveCfg = Release|Any CPU
		{7F2FE2D6-37FE-4D00-A522-27ECC4FD269A}.Release|Any CPU.Build.0 = Release|Any CPU
		{EAAD25FC-7B80-4394-A318-6EEEB8113F4E}.Debug|Any CPU.ActiveCfg = Debug|Any CPU
		{EAAD25FC-7B80-4394-A318-6EEEB8113F4E}.Debug|Any CPU.Build.0 = Debug|Any CPU
		{EAAD25FC-7B80-4394-A318-6EEEB8113F4E}.Release|Any CPU.ActiveCfg = Release|Any CPU
		{EAAD25FC-7B80-4394-A318-6EEEB8113F4E}.Release|Any CPU.Build.0 = Release|Any CPU
		{7BFDEB63-5836-4388-A73D-08E0708D7260}.Debug|Any CPU.ActiveCfg = Debug|Any CPU
		{7BFDEB63-5836-4388-A73D-08E0708D7260}.Debug|Any CPU.Build.0 = Debug|Any CPU
		{7BFDEB63-5836-4388-A73D-08E0708D7260}.Release|Any CPU.ActiveCfg = Release|Any CPU
		{7BFDEB63-5836-4388-A73D-08E0708D7260}.Release|Any CPU.Build.0 = Release|Any CPU
	EndGlobalSection
	GlobalSection(SolutionProperties) = preSolution
		HideSolutionNode = FALSE
	EndGlobalSection
	GlobalSection(ExtensibilityGlobals) = postSolution
		SolutionGuid = {7A047FF2-9E5F-4480-B222-7263382269AB}
	EndGlobalSection
EndGlobal
