
Microsoft Visual Studio Solution File, Format Version 12.00
# Visual Studio Version 17
VisualStudioVersion = 17.12.35707.178
MinimumVisualStudioVersion = 10.0.40219.1
Project("{FAE04EC0-301F-11D3-BF4B-00C04F79EFBC}") = "01_Algoritma", "01_Algoritma\01_Algoritma.csproj", "{6B5DCEC8-E53F-45D5-88BA-B89CAE0A9FE9}"
EndProject
Project("{FAE04EC0-301F-11D3-BF4B-00C04F79EFBC}") = "02_Degisken_Veritipi", "02_Degisken_Veritipi\02_Degisken_Veritipi.csproj", "{A85DA32D-168A-4CB4-AEB1-9A7BB497401B}"
EndProject
Project("{FAE04EC0-301F-11D3-BF4B-00C04F79EFBC}") = "03_Operatorler", "03_Operatorler\03_Operatorler.csproj", "{D654E9A3-907D-4B93-8078-8EBBA0F6D92E}"
EndProject
Project("{FAE04EC0-301F-11D3-BF4B-00C04F79EFBC}") = "04_Tur_donusumu", "04_Tur_donusumu\04_Tur_donusumu.csproj", "{2CE603A6-5251-45ED-9934-E677D25A4D2A}"
EndProject
Project("{FAE04EC0-301F-11D3-BF4B-00C04F79EFBC}") = "05_If_Else", "05_If_Else\05_If_Else.csproj", "{2767B57E-CCB9-4201-B139-A66D3E310689}"
EndProject
Global
	GlobalSection(SolutionConfigurationPlatforms) = preSolution
		Debug|Any CPU = Debug|Any CPU
		Release|Any CPU = Release|Any CPU
	EndGlobalSection
	GlobalSection(ProjectConfigurationPlatforms) = postSolution
		{6B5DCEC8-E53F-45D5-88BA-B89CAE0A9FE9}.Debug|Any CPU.ActiveCfg = Debug|Any CPU
		{6B5DCEC8-E53F-45D5-88BA-B89CAE0A9FE9}.Debug|Any CPU.Build.0 = Debug|Any CPU
		{6B5DCEC8-E53F-45D5-88BA-B89CAE0A9FE9}.Release|Any CPU.ActiveCfg = Release|Any CPU
		{6B5DCEC8-E53F-45D5-88BA-B89CAE0A9FE9}.Release|Any CPU.Build.0 = Release|Any CPU
		{A85DA32D-168A-4CB4-AEB1-9A7BB497401B}.Debug|Any CPU.ActiveCfg = Debug|Any CPU
		{A85DA32D-168A-4CB4-AEB1-9A7BB497401B}.Debug|Any CPU.Build.0 = Debug|Any CPU
		{A85DA32D-168A-4CB4-AEB1-9A7BB497401B}.Release|Any CPU.ActiveCfg = Release|Any CPU
		{A85DA32D-168A-4CB4-AEB1-9A7BB497401B}.Release|Any CPU.Build.0 = Release|Any CPU
		{D654E9A3-907D-4B93-8078-8EBBA0F6D92E}.Debug|Any CPU.ActiveCfg = Debug|Any CPU
		{D654E9A3-907D-4B93-8078-8EBBA0F6D92E}.Debug|Any CPU.Build.0 = Debug|Any CPU
		{D654E9A3-907D-4B93-8078-8EBBA0F6D92E}.Release|Any CPU.ActiveCfg = Release|Any CPU
		{D654E9A3-907D-4B93-8078-8EBBA0F6D92E}.Release|Any CPU.Build.0 = Release|Any CPU
		{2CE603A6-5251-45ED-9934-E677D25A4D2A}.Debug|Any CPU.ActiveCfg = Debug|Any CPU
		{2CE603A6-5251-45ED-9934-E677D25A4D2A}.Debug|Any CPU.Build.0 = Debug|Any CPU
		{2CE603A6-5251-45ED-9934-E677D25A4D2A}.Release|Any CPU.ActiveCfg = Release|Any CPU
		{2CE603A6-5251-45ED-9934-E677D25A4D2A}.Release|Any CPU.Build.0 = Release|Any CPU
		{2767B57E-CCB9-4201-B139-A66D3E310689}.Debug|Any CPU.ActiveCfg = Debug|Any CPU
		{2767B57E-CCB9-4201-B139-A66D3E310689}.Debug|Any CPU.Build.0 = Debug|Any CPU
		{2767B57E-CCB9-4201-B139-A66D3E310689}.Release|Any CPU.ActiveCfg = Release|Any CPU
		{2767B57E-CCB9-4201-B139-A66D3E310689}.Release|Any CPU.Build.0 = Release|Any CPU
	EndGlobalSection
	GlobalSection(SolutionProperties) = preSolution
		HideSolutionNode = FALSE
	EndGlobalSection
EndGlobal
